
Microsoft Visual Studio Solution File, Format Version 12.00
# Visual Studio Version 16
VisualStudioVersion = 16.0.28922.388
MinimumVisualStudioVersion = 10.0.40219.1
Project("{FAE04EC0-301F-11D3-BF4B-00C04F79EFBC}") = "AspNetMvc", "AspNetMvc\AspNetMvc.csproj", "{F39F9729-47C0-4824-B652-ACA7D087D06B}"
EndProject
Global
	GlobalSection(SolutionConfigurationPlatforms) = preSolution
		Debug|Any CPU = Debug|Any CPU
		Release|Any CPU = Release|Any CPU
	EndGlobalSection
	GlobalSection(ProjectConfigurationPlatforms) = postSolution
		{F39F9729-47C0-4824-B652-ACA7D087D06B}.Debug|Any CPU.ActiveCfg = Debug|Any CPU
		{F39F9729-47C0-4824-B652-ACA7D087D06B}.Debug|Any CPU.Build.0 = Debug|Any CPU
		{F39F9729-47C0-4824-B652-ACA7D087D06B}.Release|Any CPU.ActiveCfg = Release|Any CPU
		{F39F9729-47C0-4824-B652-ACA7D087D06B}.Release|Any CPU.Build.0 = Release|Any CPU
	EndGlobalSection
	GlobalSection(SolutionProperties) = preSolution
		HideSolutionNode = FALSE
	EndGlobalSection
	GlobalSection(ExtensibilityGlobals) = postSolution
		SolutionGuid = {40727D38-4608-41B9-AE09-CC391D74BA74}
	EndGlobalSection
EndGlobal
